// !$*UTF8*$!
{
	archiveVersion = 1;
	classes = {
	};
	objectVersion = 51;
	objects = {

/* Begin PBXBuildFile section */
		1A4E0A5924CA2C5800DBB1B3 /* CalendarCell.m in Sources */ = {isa = PBXBuildFile; fileRef = 1A4E0A5824CA2C5800DBB1B3 /* CalendarCell.m */; };
		1A4E0A5C24CB6B0000DBB1B3 /* DateHelper.m in Sources */ = {isa = PBXBuildFile; fileRef = 1A4E0A5B24CB6B0000DBB1B3 /* DateHelper.m */; };
		1A4E0A5F24CB739500DBB1B3 /* Venue.m in Sources */ = {isa = PBXBuildFile; fileRef = 1A4E0A5E24CB739500DBB1B3 /* Venue.m */; };
		1AB2032424BCEB59009171A6 /* AppDelegate.m in Sources */ = {isa = PBXBuildFile; fileRef = 1AB2032324BCEB59009171A6 /* AppDelegate.m */; };
		1AB2032724BCEB59009171A6 /* SceneDelegate.m in Sources */ = {isa = PBXBuildFile; fileRef = 1AB2032624BCEB59009171A6 /* SceneDelegate.m */; };
		1AB2032D24BCEB59009171A6 /* Main.storyboard in Resources */ = {isa = PBXBuildFile; fileRef = 1AB2032B24BCEB59009171A6 /* Main.storyboard */; };
		1AB2032F24BCEB5A009171A6 /* Assets.xcassets in Resources */ = {isa = PBXBuildFile; fileRef = 1AB2032E24BCEB5A009171A6 /* Assets.xcassets */; };
		1AB2033224BCEB5A009171A6 /* LaunchScreen.storyboard in Resources */ = {isa = PBXBuildFile; fileRef = 1AB2033024BCEB5A009171A6 /* LaunchScreen.storyboard */; };
		1AB2033524BCEB5A009171A6 /* main.m in Sources */ = {isa = PBXBuildFile; fileRef = 1AB2033424BCEB5A009171A6 /* main.m */; };
		1AB2033F24BCEB5A009171A6 /* CalendarFinderTests.m in Sources */ = {isa = PBXBuildFile; fileRef = 1AB2033E24BCEB5A009171A6 /* CalendarFinderTests.m */; };
		1AB2034A24BCEB5A009171A6 /* CalendarFinderUITests.m in Sources */ = {isa = PBXBuildFile; fileRef = 1AB2034924BCEB5A009171A6 /* CalendarFinderUITests.m */; };
		1AB2035A24BCF731009171A6 /* LoginViewController.m in Sources */ = {isa = PBXBuildFile; fileRef = 1AB2035924BCF731009171A6 /* LoginViewController.m */; };
		1AB2035D24BCFCA0009171A6 /* EventFeedViewController.m in Sources */ = {isa = PBXBuildFile; fileRef = 1AB2035C24BCFCA0009171A6 /* EventFeedViewController.m */; };
		1AB2036024BCFCBD009171A6 /* CalendarViewController.m in Sources */ = {isa = PBXBuildFile; fileRef = 1AB2035F24BCFCBD009171A6 /* CalendarViewController.m */; };
		1AB2036324BD0CD5009171A6 /* CreateEventViewController.m in Sources */ = {isa = PBXBuildFile; fileRef = 1AB2036224BD0CD5009171A6 /* CreateEventViewController.m */; };
		1AB2036624BE00CC009171A6 /* DetailsViewController.m in Sources */ = {isa = PBXBuildFile; fileRef = 1AB2036524BE00CC009171A6 /* DetailsViewController.m */; };
		1AB2036824BE03C7009171A6 /* MapKit.framework in Frameworks */ = {isa = PBXBuildFile; fileRef = 1AB2036724BE03C7009171A6 /* MapKit.framework */; };
		1AB5493824BE0EDF006EDBCA /* Event.m in Sources */ = {isa = PBXBuildFile; fileRef = 1AB5493724BE0EDF006EDBCA /* Event.m */; };
		1AB5493C24BE3378006EDBCA /* Location.m in Sources */ = {isa = PBXBuildFile; fileRef = 1AB5493B24BE3378006EDBCA /* Location.m */; };
		1AB5493F24BE3F59006EDBCA /* EventCell.m in Sources */ = {isa = PBXBuildFile; fileRef = 1AB5493E24BE3F59006EDBCA /* EventCell.m */; };
		1AB5494224BF53F0006EDBCA /* User.m in Sources */ = {isa = PBXBuildFile; fileRef = 1AB5494124BF53F0006EDBCA /* User.m */; };
		1AB5494524BF94E0006EDBCA /* LocationsViewController.m in Sources */ = {isa = PBXBuildFile; fileRef = 1AB5494424BF94E0006EDBCA /* LocationsViewController.m */; };
		1AB5494824BF94F5006EDBCA /* LocationCell.m in Sources */ = {isa = PBXBuildFile; fileRef = 1AB5494724BF94F5006EDBCA /* LocationCell.m */; };
		1ACEEE7724CF826E0084C78C /* DetailsSegueHelper.m in Sources */ = {isa = PBXBuildFile; fileRef = 1ACEEE7624CF826E0084C78C /* DetailsSegueHelper.m */; };
		1ACEEE7924D073620084C78C /* CoreLocation.framework in Frameworks */ = {isa = PBXBuildFile; fileRef = 1ACEEE7824D073620084C78C /* CoreLocation.framework */; };
		7CFC1C535963D764BCF974E2 /* Pods_CalendarFinder.framework in Frameworks */ = {isa = PBXBuildFile; fileRef = A4643E084BDCB6ECA8A00866 /* Pods_CalendarFinder.framework */; };
		C530B582C3F72C0015631CCC /* Pods_CalendarFinderTests.framework in Frameworks */ = {isa = PBXBuildFile; fileRef = D8A4329E9FC6CF1D45691D3B /* Pods_CalendarFinderTests.framework */; };
		ECACE30E759A82F3767D9AE4 /* Pods_CalendarFinder_CalendarFinderUITests.framework in Frameworks */ = {isa = PBXBuildFile; fileRef = 01708CE7D45DF1F8E7F35B7A /* Pods_CalendarFinder_CalendarFinderUITests.framework */; };
/* End PBXBuildFile section */

/* Begin PBXContainerItemProxy section */
		1AB2033B24BCEB5A009171A6 /* PBXContainerItemProxy */ = {
			isa = PBXContainerItemProxy;
			containerPortal = 1AB2031724BCEB59009171A6 /* Project object */;
			proxyType = 1;
			remoteGlobalIDString = 1AB2031E24BCEB59009171A6;
			remoteInfo = CalendarFinder;
		};
		1AB2034624BCEB5A009171A6 /* PBXContainerItemProxy */ = {
			isa = PBXContainerItemProxy;
			containerPortal = 1AB2031724BCEB59009171A6 /* Project object */;
			proxyType = 1;
			remoteGlobalIDString = 1AB2031E24BCEB59009171A6;
			remoteInfo = CalendarFinder;
		};
/* End PBXContainerItemProxy section */

/* Begin PBXFileReference section */
		01708CE7D45DF1F8E7F35B7A /* Pods_CalendarFinder_CalendarFinderUITests.framework */ = {isa = PBXFileReference; explicitFileType = wrapper.framework; includeInIndex = 0; path = Pods_CalendarFinder_CalendarFinderUITests.framework; sourceTree = BUILT_PRODUCTS_DIR; };
		13B51196FE59E93DB6843B92 /* Pods-CalendarFinder.debug.xcconfig */ = {isa = PBXFileReference; includeInIndex = 1; lastKnownFileType = text.xcconfig; name = "Pods-CalendarFinder.debug.xcconfig"; path = "Target Support Files/Pods-CalendarFinder/Pods-CalendarFinder.debug.xcconfig"; sourceTree = "<group>"; };
		185FD5FD83DBCF4B9CC7006E /* Pods-CalendarFinder-CalendarFinderUITests.release.xcconfig */ = {isa = PBXFileReference; includeInIndex = 1; lastKnownFileType = text.xcconfig; name = "Pods-CalendarFinder-CalendarFinderUITests.release.xcconfig"; path = "Target Support Files/Pods-CalendarFinder-CalendarFinderUITests/Pods-CalendarFinder-CalendarFinderUITests.release.xcconfig"; sourceTree = "<group>"; };
		1A4E0A5724CA2C5800DBB1B3 /* CalendarCell.h */ = {isa = PBXFileReference; lastKnownFileType = sourcecode.c.h; path = CalendarCell.h; sourceTree = "<group>"; };
		1A4E0A5824CA2C5800DBB1B3 /* CalendarCell.m */ = {isa = PBXFileReference; lastKnownFileType = sourcecode.c.objc; path = CalendarCell.m; sourceTree = "<group>"; };
		1A4E0A5A24CB6B0000DBB1B3 /* DateHelper.h */ = {isa = PBXFileReference; lastKnownFileType = sourcecode.c.h; path = DateHelper.h; sourceTree = "<group>"; };
		1A4E0A5B24CB6B0000DBB1B3 /* DateHelper.m */ = {isa = PBXFileReference; lastKnownFileType = sourcecode.c.objc; path = DateHelper.m; sourceTree = "<group>"; };
		1A4E0A5D24CB739500DBB1B3 /* Venue.h */ = {isa = PBXFileReference; lastKnownFileType = sourcecode.c.h; name = Venue.h; path = CalendarFinder/Models/Venue.h; sourceTree = SOURCE_ROOT; };
		1A4E0A5E24CB739500DBB1B3 /* Venue.m */ = {isa = PBXFileReference; lastKnownFileType = sourcecode.c.objc; name = Venue.m; path = CalendarFinder/Models/Venue.m; sourceTree = SOURCE_ROOT; };
		1AB2031F24BCEB59009171A6 /* CalendarFinder.app */ = {isa = PBXFileReference; explicitFileType = wrapper.application; includeInIndex = 0; path = CalendarFinder.app; sourceTree = BUILT_PRODUCTS_DIR; };
		1AB2032224BCEB59009171A6 /* AppDelegate.h */ = {isa = PBXFileReference; lastKnownFileType = sourcecode.c.h; path = AppDelegate.h; sourceTree = "<group>"; };
		1AB2032324BCEB59009171A6 /* AppDelegate.m */ = {isa = PBXFileReference; lastKnownFileType = sourcecode.c.objc; path = AppDelegate.m; sourceTree = "<group>"; };
		1AB2032524BCEB59009171A6 /* SceneDelegate.h */ = {isa = PBXFileReference; lastKnownFileType = sourcecode.c.h; path = SceneDelegate.h; sourceTree = "<group>"; };
		1AB2032624BCEB59009171A6 /* SceneDelegate.m */ = {isa = PBXFileReference; lastKnownFileType = sourcecode.c.objc; path = SceneDelegate.m; sourceTree = "<group>"; };
		1AB2032C24BCEB59009171A6 /* Base */ = {isa = PBXFileReference; lastKnownFileType = file.storyboard; name = Base; path = Base.lproj/Main.storyboard; sourceTree = "<group>"; };
		1AB2032E24BCEB5A009171A6 /* Assets.xcassets */ = {isa = PBXFileReference; lastKnownFileType = folder.assetcatalog; path = Assets.xcassets; sourceTree = "<group>"; };
		1AB2033124BCEB5A009171A6 /* Base */ = {isa = PBXFileReference; lastKnownFileType = file.storyboard; name = Base; path = Base.lproj/LaunchScreen.storyboard; sourceTree = "<group>"; };
		1AB2033324BCEB5A009171A6 /* Info.plist */ = {isa = PBXFileReference; lastKnownFileType = text.plist.xml; path = Info.plist; sourceTree = "<group>"; };
		1AB2033424BCEB5A009171A6 /* main.m */ = {isa = PBXFileReference; lastKnownFileType = sourcecode.c.objc; path = main.m; sourceTree = "<group>"; };
		1AB2033A24BCEB5A009171A6 /* CalendarFinderTests.xctest */ = {isa = PBXFileReference; explicitFileType = wrapper.cfbundle; includeInIndex = 0; path = CalendarFinderTests.xctest; sourceTree = BUILT_PRODUCTS_DIR; };
		1AB2033E24BCEB5A009171A6 /* CalendarFinderTests.m */ = {isa = PBXFileReference; lastKnownFileType = sourcecode.c.objc; path = CalendarFinderTests.m; sourceTree = "<group>"; };
		1AB2034024BCEB5A009171A6 /* Info.plist */ = {isa = PBXFileReference; lastKnownFileType = text.plist.xml; path = Info.plist; sourceTree = "<group>"; };
		1AB2034524BCEB5A009171A6 /* CalendarFinderUITests.xctest */ = {isa = PBXFileReference; explicitFileType = wrapper.cfbundle; includeInIndex = 0; path = CalendarFinderUITests.xctest; sourceTree = BUILT_PRODUCTS_DIR; };
		1AB2034924BCEB5A009171A6 /* CalendarFinderUITests.m */ = {isa = PBXFileReference; lastKnownFileType = sourcecode.c.objc; path = CalendarFinderUITests.m; sourceTree = "<group>"; };
		1AB2034B24BCEB5A009171A6 /* Info.plist */ = {isa = PBXFileReference; lastKnownFileType = text.plist.xml; path = Info.plist; sourceTree = "<group>"; };
		1AB2035824BCF731009171A6 /* LoginViewController.h */ = {isa = PBXFileReference; lastKnownFileType = sourcecode.c.h; path = LoginViewController.h; sourceTree = "<group>"; };
		1AB2035924BCF731009171A6 /* LoginViewController.m */ = {isa = PBXFileReference; lastKnownFileType = sourcecode.c.objc; path = LoginViewController.m; sourceTree = "<group>"; };
		1AB2035B24BCFCA0009171A6 /* EventFeedViewController.h */ = {isa = PBXFileReference; lastKnownFileType = sourcecode.c.h; path = EventFeedViewController.h; sourceTree = "<group>"; };
		1AB2035C24BCFCA0009171A6 /* EventFeedViewController.m */ = {isa = PBXFileReference; lastKnownFileType = sourcecode.c.objc; path = EventFeedViewController.m; sourceTree = "<group>"; };
		1AB2035E24BCFCBD009171A6 /* CalendarViewController.h */ = {isa = PBXFileReference; lastKnownFileType = sourcecode.c.h; path = CalendarViewController.h; sourceTree = "<group>"; };
		1AB2035F24BCFCBD009171A6 /* CalendarViewController.m */ = {isa = PBXFileReference; lastKnownFileType = sourcecode.c.objc; path = CalendarViewController.m; sourceTree = "<group>"; };
		1AB2036124BD0CD5009171A6 /* CreateEventViewController.h */ = {isa = PBXFileReference; lastKnownFileType = sourcecode.c.h; path = CreateEventViewController.h; sourceTree = "<group>"; };
		1AB2036224BD0CD5009171A6 /* CreateEventViewController.m */ = {isa = PBXFileReference; lastKnownFileType = sourcecode.c.objc; path = CreateEventViewController.m; sourceTree = "<group>"; };
		1AB2036424BE00CC009171A6 /* DetailsViewController.h */ = {isa = PBXFileReference; lastKnownFileType = sourcecode.c.h; path = DetailsViewController.h; sourceTree = "<group>"; };
		1AB2036524BE00CC009171A6 /* DetailsViewController.m */ = {isa = PBXFileReference; lastKnownFileType = sourcecode.c.objc; path = DetailsViewController.m; sourceTree = "<group>"; };
		1AB2036724BE03C7009171A6 /* MapKit.framework */ = {isa = PBXFileReference; lastKnownFileType = wrapper.framework; name = MapKit.framework; path = System/Library/Frameworks/MapKit.framework; sourceTree = SDKROOT; };
		1AB5493124BE0718006EDBCA /* Parse.framework */ = {isa = PBXFileReference; explicitFileType = wrapper.framework; path = Parse.framework; sourceTree = BUILT_PRODUCTS_DIR; };
		1AB5493624BE0EDF006EDBCA /* Event.h */ = {isa = PBXFileReference; lastKnownFileType = sourcecode.c.h; path = Event.h; sourceTree = "<group>"; };
		1AB5493724BE0EDF006EDBCA /* Event.m */ = {isa = PBXFileReference; lastKnownFileType = sourcecode.c.objc; path = Event.m; sourceTree = "<group>"; };
		1AB5493A24BE3378006EDBCA /* Location.h */ = {isa = PBXFileReference; lastKnownFileType = sourcecode.c.h; path = Location.h; sourceTree = "<group>"; };
		1AB5493B24BE3378006EDBCA /* Location.m */ = {isa = PBXFileReference; lastKnownFileType = sourcecode.c.objc; path = Location.m; sourceTree = "<group>"; };
		1AB5493D24BE3F59006EDBCA /* EventCell.h */ = {isa = PBXFileReference; lastKnownFileType = sourcecode.c.h; path = EventCell.h; sourceTree = "<group>"; };
		1AB5493E24BE3F59006EDBCA /* EventCell.m */ = {isa = PBXFileReference; lastKnownFileType = sourcecode.c.objc; path = EventCell.m; sourceTree = "<group>"; };
		1AB5494024BF53F0006EDBCA /* User.h */ = {isa = PBXFileReference; lastKnownFileType = sourcecode.c.h; path = User.h; sourceTree = "<group>"; };
		1AB5494124BF53F0006EDBCA /* User.m */ = {isa = PBXFileReference; lastKnownFileType = sourcecode.c.objc; path = User.m; sourceTree = "<group>"; };
		1AB5494324BF94E0006EDBCA /* LocationsViewController.h */ = {isa = PBXFileReference; lastKnownFileType = sourcecode.c.h; path = LocationsViewController.h; sourceTree = "<group>"; };
		1AB5494424BF94E0006EDBCA /* LocationsViewController.m */ = {isa = PBXFileReference; lastKnownFileType = sourcecode.c.objc; path = LocationsViewController.m; sourceTree = "<group>"; };
		1AB5494624BF94F5006EDBCA /* LocationCell.h */ = {isa = PBXFileReference; lastKnownFileType = sourcecode.c.h; path = LocationCell.h; sourceTree = "<group>"; };
		1AB5494724BF94F5006EDBCA /* LocationCell.m */ = {isa = PBXFileReference; lastKnownFileType = sourcecode.c.objc; path = LocationCell.m; sourceTree = "<group>"; };
		1ACEEE7524CF826E0084C78C /* DetailsSegueHelper.h */ = {isa = PBXFileReference; lastKnownFileType = sourcecode.c.h; path = DetailsSegueHelper.h; sourceTree = "<group>"; };
		1ACEEE7624CF826E0084C78C /* DetailsSegueHelper.m */ = {isa = PBXFileReference; lastKnownFileType = sourcecode.c.objc; path = DetailsSegueHelper.m; sourceTree = "<group>"; };
		1ACEEE7824D073620084C78C /* CoreLocation.framework */ = {isa = PBXFileReference; lastKnownFileType = wrapper.framework; name = CoreLocation.framework; path = System/Library/Frameworks/CoreLocation.framework; sourceTree = SDKROOT; };
		6B4EA9BA0666C70B05DD0DF4 /* Pods-CalendarFinderTests.release.xcconfig */ = {isa = PBXFileReference; includeInIndex = 1; lastKnownFileType = text.xcconfig; name = "Pods-CalendarFinderTests.release.xcconfig"; path = "Target Support Files/Pods-CalendarFinderTests/Pods-CalendarFinderTests.release.xcconfig"; sourceTree = "<group>"; };
		803CAFB521D36B5841A28EC1 /* Pods-CalendarFinder-CalendarFinderUITests.debug.xcconfig */ = {isa = PBXFileReference; includeInIndex = 1; lastKnownFileType = text.xcconfig; name = "Pods-CalendarFinder-CalendarFinderUITests.debug.xcconfig"; path = "Target Support Files/Pods-CalendarFinder-CalendarFinderUITests/Pods-CalendarFinder-CalendarFinderUITests.debug.xcconfig"; sourceTree = "<group>"; };
		A4643E084BDCB6ECA8A00866 /* Pods_CalendarFinder.framework */ = {isa = PBXFileReference; explicitFileType = wrapper.framework; includeInIndex = 0; path = Pods_CalendarFinder.framework; sourceTree = BUILT_PRODUCTS_DIR; };
		D8A4329E9FC6CF1D45691D3B /* Pods_CalendarFinderTests.framework */ = {isa = PBXFileReference; explicitFileType = wrapper.framework; includeInIndex = 0; path = Pods_CalendarFinderTests.framework; sourceTree = BUILT_PRODUCTS_DIR; };
		EA3B246ED50D884F1CD57D2A /* Pods-CalendarFinderTests.debug.xcconfig */ = {isa = PBXFileReference; includeInIndex = 1; lastKnownFileType = text.xcconfig; name = "Pods-CalendarFinderTests.debug.xcconfig"; path = "Target Support Files/Pods-CalendarFinderTests/Pods-CalendarFinderTests.debug.xcconfig"; sourceTree = "<group>"; };
		FFCA3FB535916682F1DD4A02 /* Pods-CalendarFinder.release.xcconfig */ = {isa = PBXFileReference; includeInIndex = 1; lastKnownFileType = text.xcconfig; name = "Pods-CalendarFinder.release.xcconfig"; path = "Target Support Files/Pods-CalendarFinder/Pods-CalendarFinder.release.xcconfig"; sourceTree = "<group>"; };
/* End PBXFileReference section */

/* Begin PBXFrameworksBuildPhase section */
		1AB2031C24BCEB59009171A6 /* Frameworks */ = {
			isa = PBXFrameworksBuildPhase;
			buildActionMask = 2147483647;
			files = (
				1ACEEE7924D073620084C78C /* CoreLocation.framework in Frameworks */,
				1AB2036824BE03C7009171A6 /* MapKit.framework in Frameworks */,
				7CFC1C535963D764BCF974E2 /* Pods_CalendarFinder.framework in Frameworks */,
			);
			runOnlyForDeploymentPostprocessing = 0;
		};
		1AB2033724BCEB5A009171A6 /* Frameworks */ = {
			isa = PBXFrameworksBuildPhase;
			buildActionMask = 2147483647;
			files = (
				C530B582C3F72C0015631CCC /* Pods_CalendarFinderTests.framework in Frameworks */,
			);
			runOnlyForDeploymentPostprocessing = 0;
		};
		1AB2034224BCEB5A009171A6 /* Frameworks */ = {
			isa = PBXFrameworksBuildPhase;
			buildActionMask = 2147483647;
			files = (
				ECACE30E759A82F3767D9AE4 /* Pods_CalendarFinder_CalendarFinderUITests.framework in Frameworks */,
			);
			runOnlyForDeploymentPostprocessing = 0;
		};
/* End PBXFrameworksBuildPhase section */

/* Begin PBXGroup section */
		023B569FEFBAFA71D1C51CFD /* Pods */ = {
			isa = PBXGroup;
			children = (
				13B51196FE59E93DB6843B92 /* Pods-CalendarFinder.debug.xcconfig */,
				FFCA3FB535916682F1DD4A02 /* Pods-CalendarFinder.release.xcconfig */,
				803CAFB521D36B5841A28EC1 /* Pods-CalendarFinder-CalendarFinderUITests.debug.xcconfig */,
				185FD5FD83DBCF4B9CC7006E /* Pods-CalendarFinder-CalendarFinderUITests.release.xcconfig */,
				EA3B246ED50D884F1CD57D2A /* Pods-CalendarFinderTests.debug.xcconfig */,
				6B4EA9BA0666C70B05DD0DF4 /* Pods-CalendarFinderTests.release.xcconfig */,
			);
			path = Pods;
			sourceTree = "<group>";
		};
		1AB2031624BCEB59009171A6 = {
			isa = PBXGroup;
			children = (
				1AB2032124BCEB59009171A6 /* CalendarFinder */,
				1AB2033D24BCEB5A009171A6 /* CalendarFinderTests */,
				1AB2034824BCEB5A009171A6 /* CalendarFinderUITests */,
				1AB2032024BCEB59009171A6 /* Products */,
				023B569FEFBAFA71D1C51CFD /* Pods */,
				79F6D348270760A391DDA833 /* Frameworks */,
			);
			sourceTree = "<group>";
		};
		1AB2032024BCEB59009171A6 /* Products */ = {
			isa = PBXGroup;
			children = (
				1AB2031F24BCEB59009171A6 /* CalendarFinder.app */,
				1AB2033A24BCEB5A009171A6 /* CalendarFinderTests.xctest */,
				1AB2034524BCEB5A009171A6 /* CalendarFinderUITests.xctest */,
			);
			name = Products;
			sourceTree = "<group>";
		};
		1AB2032124BCEB59009171A6 /* CalendarFinder */ = {
			isa = PBXGroup;
			children = (
				1AB5493924BE335D006EDBCA /* Views */,
				1AB5493524BE0EC2006EDBCA /* Models */,
				1AB2035724BCF70F009171A6 /* View Controllers */,
				1AB2032224BCEB59009171A6 /* AppDelegate.h */,
				1AB2032324BCEB59009171A6 /* AppDelegate.m */,
				1AB2032524BCEB59009171A6 /* SceneDelegate.h */,
				1AB2032624BCEB59009171A6 /* SceneDelegate.m */,
				1AB2032B24BCEB59009171A6 /* Main.storyboard */,
				1AB2032E24BCEB5A009171A6 /* Assets.xcassets */,
				1AB2033024BCEB5A009171A6 /* LaunchScreen.storyboard */,
				1AB2033324BCEB5A009171A6 /* Info.plist */,
				1AB2033424BCEB5A009171A6 /* main.m */,
			);
			path = CalendarFinder;
			sourceTree = "<group>";
		};
		1AB2033D24BCEB5A009171A6 /* CalendarFinderTests */ = {
			isa = PBXGroup;
			children = (
				1AB2033E24BCEB5A009171A6 /* CalendarFinderTests.m */,
				1AB2034024BCEB5A009171A6 /* Info.plist */,
			);
			path = CalendarFinderTests;
			sourceTree = "<group>";
		};
		1AB2034824BCEB5A009171A6 /* CalendarFinderUITests */ = {
			isa = PBXGroup;
			children = (
				1AB2034924BCEB5A009171A6 /* CalendarFinderUITests.m */,
				1AB2034B24BCEB5A009171A6 /* Info.plist */,
			);
			path = CalendarFinderUITests;
			sourceTree = "<group>";
		};
		1AB2035724BCF70F009171A6 /* View Controllers */ = {
			isa = PBXGroup;
			children = (
				1AB2035824BCF731009171A6 /* LoginViewController.h */,
				1AB2035924BCF731009171A6 /* LoginViewController.m */,
				1AB2035B24BCFCA0009171A6 /* EventFeedViewController.h */,
				1AB2035C24BCFCA0009171A6 /* EventFeedViewController.m */,
				1AB2035E24BCFCBD009171A6 /* CalendarViewController.h */,
				1AB2035F24BCFCBD009171A6 /* CalendarViewController.m */,
				1AB2036124BD0CD5009171A6 /* CreateEventViewController.h */,
				1AB2036224BD0CD5009171A6 /* CreateEventViewController.m */,
				1AB2036424BE00CC009171A6 /* DetailsViewController.h */,
				1AB2036524BE00CC009171A6 /* DetailsViewController.m */,
				1AB5494324BF94E0006EDBCA /* LocationsViewController.h */,
				1AB5494424BF94E0006EDBCA /* LocationsViewController.m */,
			);
			path = "View Controllers";
			sourceTree = "<group>";
		};
		1AB5493524BE0EC2006EDBCA /* Models */ = {
			isa = PBXGroup;
			children = (
				1A4E0A5A24CB6B0000DBB1B3 /* DateHelper.h */,
				1A4E0A5B24CB6B0000DBB1B3 /* DateHelper.m */,
				1AB5493624BE0EDF006EDBCA /* Event.h */,
				1AB5493724BE0EDF006EDBCA /* Event.m */,
				1AB5493A24BE3378006EDBCA /* Location.h */,
				1AB5493B24BE3378006EDBCA /* Location.m */,
				1AB5494024BF53F0006EDBCA /* User.h */,
				1AB5494124BF53F0006EDBCA /* User.m */,
				1A4E0A5D24CB739500DBB1B3 /* Venue.h */,
				1A4E0A5E24CB739500DBB1B3 /* Venue.m */,
				1ACEEE7524CF826E0084C78C /* DetailsSegueHelper.h */,
				1ACEEE7624CF826E0084C78C /* DetailsSegueHelper.m */,
			);
			path = Models;
			sourceTree = "<group>";
		};
		1AB5493924BE335D006EDBCA /* Views */ = {
			isa = PBXGroup;
			children = (
				1AB5493D24BE3F59006EDBCA /* EventCell.h */,
				1AB5493E24BE3F59006EDBCA /* EventCell.m */,
				1AB5494624BF94F5006EDBCA /* LocationCell.h */,
				1AB5494724BF94F5006EDBCA /* LocationCell.m */,
				1A4E0A5724CA2C5800DBB1B3 /* CalendarCell.h */,
				1A4E0A5824CA2C5800DBB1B3 /* CalendarCell.m */,
			);
			path = Views;
			sourceTree = "<group>";
		};
		79F6D348270760A391DDA833 /* Frameworks */ = {
			isa = PBXGroup;
			children = (
				1ACEEE7824D073620084C78C /* CoreLocation.framework */,
				1AB5493124BE0718006EDBCA /* Parse.framework */,
				1AB2036724BE03C7009171A6 /* MapKit.framework */,
				A4643E084BDCB6ECA8A00866 /* Pods_CalendarFinder.framework */,
				01708CE7D45DF1F8E7F35B7A /* Pods_CalendarFinder_CalendarFinderUITests.framework */,
				D8A4329E9FC6CF1D45691D3B /* Pods_CalendarFinderTests.framework */,
			);
			name = Frameworks;
			sourceTree = "<group>";
		};
/* End PBXGroup section */

/* Begin PBXNativeTarget section */
		1AB2031E24BCEB59009171A6 /* CalendarFinder */ = {
			isa = PBXNativeTarget;
			buildConfigurationList = 1AB2034E24BCEB5A009171A6 /* Build configuration list for PBXNativeTarget "CalendarFinder" */;
			buildPhases = (
				0A1CAACC62133B421910C659 /* [CP] Check Pods Manifest.lock */,
				1AB2031B24BCEB59009171A6 /* Sources */,
				1AB2031C24BCEB59009171A6 /* Frameworks */,
				1AB2031D24BCEB59009171A6 /* Resources */,
				D884F6BEA0C4B7B95676E434 /* [CP] Embed Pods Frameworks */,
			);
			buildRules = (
			);
			dependencies = (
			);
			name = CalendarFinder;
			productName = CalendarFinder;
			productReference = 1AB2031F24BCEB59009171A6 /* CalendarFinder.app */;
			productType = "com.apple.product-type.application";
		};
		1AB2033924BCEB5A009171A6 /* CalendarFinderTests */ = {
			isa = PBXNativeTarget;
			buildConfigurationList = 1AB2035124BCEB5A009171A6 /* Build configuration list for PBXNativeTarget "CalendarFinderTests" */;
			buildPhases = (
				5268FF140855EBCE361DDE71 /* [CP] Check Pods Manifest.lock */,
				1AB2033624BCEB5A009171A6 /* Sources */,
				1AB2033724BCEB5A009171A6 /* Frameworks */,
				1AB2033824BCEB5A009171A6 /* Resources */,
			);
			buildRules = (
			);
			dependencies = (
				1AB2033C24BCEB5A009171A6 /* PBXTargetDependency */,
			);
			name = CalendarFinderTests;
			productName = CalendarFinderTests;
			productReference = 1AB2033A24BCEB5A009171A6 /* CalendarFinderTests.xctest */;
			productType = "com.apple.product-type.bundle.unit-test";
		};
		1AB2034424BCEB5A009171A6 /* CalendarFinderUITests */ = {
			isa = PBXNativeTarget;
			buildConfigurationList = 1AB2035424BCEB5A009171A6 /* Build configuration list for PBXNativeTarget "CalendarFinderUITests" */;
			buildPhases = (
				8050786446D1F9E72359BB2A /* [CP] Check Pods Manifest.lock */,
				1AB2034124BCEB5A009171A6 /* Sources */,
				1AB2034224BCEB5A009171A6 /* Frameworks */,
				1AB2034324BCEB5A009171A6 /* Resources */,
				2D29F145178DD7B878E1486F /* [CP] Embed Pods Frameworks */,
			);
			buildRules = (
			);
			dependencies = (
				1AB2034724BCEB5A009171A6 /* PBXTargetDependency */,
			);
			name = CalendarFinderUITests;
			productName = CalendarFinderUITests;
			productReference = 1AB2034524BCEB5A009171A6 /* CalendarFinderUITests.xctest */;
			productType = "com.apple.product-type.bundle.ui-testing";
		};
/* End PBXNativeTarget section */

/* Begin PBXProject section */
		1AB2031724BCEB59009171A6 /* Project object */ = {
			isa = PBXProject;
			attributes = {
				LastUpgradeCheck = 1150;
				ORGANIZATIONNAME = "Janai Kameka";
				TargetAttributes = {
					1AB2031E24BCEB59009171A6 = {
						CreatedOnToolsVersion = 11.5;
					};
					1AB2033924BCEB5A009171A6 = {
						CreatedOnToolsVersion = 11.5;
						TestTargetID = 1AB2031E24BCEB59009171A6;
					};
					1AB2034424BCEB5A009171A6 = {
						CreatedOnToolsVersion = 11.5;
						TestTargetID = 1AB2031E24BCEB59009171A6;
					};
				};
			};
			buildConfigurationList = 1AB2031A24BCEB59009171A6 /* Build configuration list for PBXProject "CalendarFinder" */;
			compatibilityVersion = "Xcode 9.3";
			developmentRegion = en;
			hasScannedForEncodings = 0;
			knownRegions = (
				en,
				Base,
			);
			mainGroup = 1AB2031624BCEB59009171A6;
			productRefGroup = 1AB2032024BCEB59009171A6 /* Products */;
			projectDirPath = "";
			projectRoot = "";
			targets = (
				1AB2031E24BCEB59009171A6 /* CalendarFinder */,
				1AB2033924BCEB5A009171A6 /* CalendarFinderTests */,
				1AB2034424BCEB5A009171A6 /* CalendarFinderUITests */,
			);
		};
/* End PBXProject section */

/* Begin PBXResourcesBuildPhase section */
		1AB2031D24BCEB59009171A6 /* Resources */ = {
			isa = PBXResourcesBuildPhase;
			buildActionMask = 2147483647;
			files = (
				1AB2033224BCEB5A009171A6 /* LaunchScreen.storyboard in Resources */,
				1AB2032F24BCEB5A009171A6 /* Assets.xcassets in Resources */,
				1AB2032D24BCEB59009171A6 /* Main.storyboard in Resources */,
			);
			runOnlyForDeploymentPostprocessing = 0;
		};
		1AB2033824BCEB5A009171A6 /* Resources */ = {
			isa = PBXResourcesBuildPhase;
			buildActionMask = 2147483647;
			files = (
			);
			runOnlyForDeploymentPostprocessing = 0;
		};
		1AB2034324BCEB5A009171A6 /* Resources */ = {
			isa = PBXResourcesBuildPhase;
			buildActionMask = 2147483647;
			files = (
			);
			runOnlyForDeploymentPostprocessing = 0;
		};
/* End PBXResourcesBuildPhase section */

/* Begin PBXShellScriptBuildPhase section */
		0A1CAACC62133B421910C659 /* [CP] Check Pods Manifest.lock */ = {
			isa = PBXShellScriptBuildPhase;
			buildActionMask = 2147483647;
			files = (
			);
			inputFileListPaths = (
			);
			inputPaths = (
				"${PODS_PODFILE_DIR_PATH}/Podfile.lock",
				"${PODS_ROOT}/Manifest.lock",
			);
			name = "[CP] Check Pods Manifest.lock";
			outputFileListPaths = (
			);
			outputPaths = (
				"$(DERIVED_FILE_DIR)/Pods-CalendarFinder-checkManifestLockResult.txt",
			);
			runOnlyForDeploymentPostprocessing = 0;
			shellPath = /bin/sh;
			shellScript = "diff \"${PODS_PODFILE_DIR_PATH}/Podfile.lock\" \"${PODS_ROOT}/Manifest.lock\" > /dev/null\nif [ $? != 0 ] ; then\n    # print error to STDERR\n    echo \"error: The sandbox is not in sync with the Podfile.lock. Run 'pod install' or update your CocoaPods installation.\" >&2\n    exit 1\nfi\n# This output is used by Xcode 'outputs' to avoid re-running this script phase.\necho \"SUCCESS\" > \"${SCRIPT_OUTPUT_FILE_0}\"\n";
			showEnvVarsInLog = 0;
		};
		2D29F145178DD7B878E1486F /* [CP] Embed Pods Frameworks */ = {
			isa = PBXShellScriptBuildPhase;
			buildActionMask = 2147483647;
			files = (
			);
			inputFileListPaths = (
				"${PODS_ROOT}/Target Support Files/Pods-CalendarFinder-CalendarFinderUITests/Pods-CalendarFinder-CalendarFinderUITests-frameworks-${CONFIGURATION}-input-files.xcfilelist",
			);
			name = "[CP] Embed Pods Frameworks";
			outputFileListPaths = (
				"${PODS_ROOT}/Target Support Files/Pods-CalendarFinder-CalendarFinderUITests/Pods-CalendarFinder-CalendarFinderUITests-frameworks-${CONFIGURATION}-output-files.xcfilelist",
			);
			runOnlyForDeploymentPostprocessing = 0;
			shellPath = /bin/sh;
			shellScript = "\"${PODS_ROOT}/Target Support Files/Pods-CalendarFinder-CalendarFinderUITests/Pods-CalendarFinder-CalendarFinderUITests-frameworks.sh\"\n";
			showEnvVarsInLog = 0;
		};
		5268FF140855EBCE361DDE71 /* [CP] Check Pods Manifest.lock */ = {
			isa = PBXShellScriptBuildPhase;
			buildActionMask = 2147483647;
			files = (
			);
			inputFileListPaths = (
			);
			inputPaths = (
				"${PODS_PODFILE_DIR_PATH}/Podfile.lock",
				"${PODS_ROOT}/Manifest.lock",
			);
			name = "[CP] Check Pods Manifest.lock";
			outputFileListPaths = (
			);
			outputPaths = (
				"$(DERIVED_FILE_DIR)/Pods-CalendarFinderTests-checkManifestLockResult.txt",
			);
			runOnlyForDeploymentPostprocessing = 0;
			shellPath = /bin/sh;
			shellScript = "diff \"${PODS_PODFILE_DIR_PATH}/Podfile.lock\" \"${PODS_ROOT}/Manifest.lock\" > /dev/null\nif [ $? != 0 ] ; then\n    # print error to STDERR\n    echo \"error: The sandbox is not in sync with the Podfile.lock. Run 'pod install' or update your CocoaPods installation.\" >&2\n    exit 1\nfi\n# This output is used by Xcode 'outputs' to avoid re-running this script phase.\necho \"SUCCESS\" > \"${SCRIPT_OUTPUT_FILE_0}\"\n";
			showEnvVarsInLog = 0;
		};
		8050786446D1F9E72359BB2A /* [CP] Check Pods Manifest.lock */ = {
			isa = PBXShellScriptBuildPhase;
			buildActionMask = 2147483647;
			files = (
			);
			inputFileListPaths = (
			);
			inputPaths = (
				"${PODS_PODFILE_DIR_PATH}/Podfile.lock",
				"${PODS_ROOT}/Manifest.lock",
			);
			name = "[CP] Check Pods Manifest.lock";
			outputFileListPaths = (
			);
			outputPaths = (
				"$(DERIVED_FILE_DIR)/Pods-CalendarFinder-CalendarFinderUITests-checkManifestLockResult.txt",
			);
			runOnlyForDeploymentPostprocessing = 0;
			shellPath = /bin/sh;
			shellScript = "diff \"${PODS_PODFILE_DIR_PATH}/Podfile.lock\" \"${PODS_ROOT}/Manifest.lock\" > /dev/null\nif [ $? != 0 ] ; then\n    # print error to STDERR\n    echo \"error: The sandbox is not in sync with the Podfile.lock. Run 'pod install' or update your CocoaPods installation.\" >&2\n    exit 1\nfi\n# This output is used by Xcode 'outputs' to avoid re-running this script phase.\necho \"SUCCESS\" > \"${SCRIPT_OUTPUT_FILE_0}\"\n";
			showEnvVarsInLog = 0;
		};
		D884F6BEA0C4B7B95676E434 /* [CP] Embed Pods Frameworks */ = {
			isa = PBXShellScriptBuildPhase;
			buildActionMask = 2147483647;
			files = (
			);
			inputFileListPaths = (
				"${PODS_ROOT}/Target Support Files/Pods-CalendarFinder/Pods-CalendarFinder-frameworks-${CONFIGURATION}-input-files.xcfilelist",
			);
			name = "[CP] Embed Pods Frameworks";
			outputFileListPaths = (
				"${PODS_ROOT}/Target Support Files/Pods-CalendarFinder/Pods-CalendarFinder-frameworks-${CONFIGURATION}-output-files.xcfilelist",
			);
			runOnlyForDeploymentPostprocessing = 0;
			shellPath = /bin/sh;
			shellScript = "\"${PODS_ROOT}/Target Support Files/Pods-CalendarFinder/Pods-CalendarFinder-frameworks.sh\"\n";
			showEnvVarsInLog = 0;
		};
/* End PBXShellScriptBuildPhase section */

/* Begin PBXSourcesBuildPhase section */
		1AB2031B24BCEB59009171A6 /* Sources */ = {
			isa = PBXSourcesBuildPhase;
			buildActionMask = 2147483647;
			files = (
				1AB2036324BD0CD5009171A6 /* CreateEventViewController.m in Sources */,
				1AB2035D24BCFCA0009171A6 /* EventFeedViewController.m in Sources */,
				1ACEEE7724CF826E0084C78C /* DetailsSegueHelper.m in Sources */,
				1AB5494824BF94F5006EDBCA /* LocationCell.m in Sources */,
				1AB2035A24BCF731009171A6 /* LoginViewController.m in Sources */,
				1AB5493824BE0EDF006EDBCA /* Event.m in Sources */,
				1A4E0A5C24CB6B0000DBB1B3 /* DateHelper.m in Sources */,
				1AB2032424BCEB59009171A6 /* AppDelegate.m in Sources */,
				1AB5493F24BE3F59006EDBCA /* EventCell.m in Sources */,
				1AB2033524BCEB5A009171A6 /* main.m in Sources */,
				1AB5493C24BE3378006EDBCA /* Location.m in Sources */,
				1A4E0A5924CA2C5800DBB1B3 /* CalendarCell.m in Sources */,
				1AB5494224BF53F0006EDBCA /* User.m in Sources */,
				1A4E0A5F24CB739500DBB1B3 /* Venue.m in Sources */,
				1AB2036024BCFCBD009171A6 /* CalendarViewController.m in Sources */,
				1AB2032724BCEB59009171A6 /* SceneDelegate.m in Sources */,
				1AB5494524BF94E0006EDBCA /* LocationsViewController.m in Sources */,
				1AB2036624BE00CC009171A6 /* DetailsViewController.m in Sources */,
			);
			runOnlyForDeploymentPostprocessing = 0;
		};
		1AB2033624BCEB5A009171A6 /* Sources */ = {
			isa = PBXSourcesBuildPhase;
			buildActionMask = 2147483647;
			files = (
				1AB2033F24BCEB5A009171A6 /* CalendarFinderTests.m in Sources */,
			);
			runOnlyForDeploymentPostprocessing = 0;
		};
		1AB2034124BCEB5A009171A6 /* Sources */ = {
			isa = PBXSourcesBuildPhase;
			buildActionMask = 2147483647;
			files = (
				1AB2034A24BCEB5A009171A6 /* CalendarFinderUITests.m in Sources */,
			);
			runOnlyForDeploymentPostprocessing = 0;
		};
/* End PBXSourcesBuildPhase section */

/* Begin PBXTargetDependency section */
		1AB2033C24BCEB5A009171A6 /* PBXTargetDependency */ = {
			isa = PBXTargetDependency;
			target = 1AB2031E24BCEB59009171A6 /* CalendarFinder */;
			targetProxy = 1AB2033B24BCEB5A009171A6 /* PBXContainerItemProxy */;
		};
		1AB2034724BCEB5A009171A6 /* PBXTargetDependency */ = {
			isa = PBXTargetDependency;
			target = 1AB2031E24BCEB59009171A6 /* CalendarFinder */;
			targetProxy = 1AB2034624BCEB5A009171A6 /* PBXContainerItemProxy */;
		};
/* End PBXTargetDependency section */

/* Begin PBXVariantGroup section */
		1AB2032B24BCEB59009171A6 /* Main.storyboard */ = {
			isa = PBXVariantGroup;
			children = (
				1AB2032C24BCEB59009171A6 /* Base */,
			);
			name = Main.storyboard;
			sourceTree = "<group>";
		};
		1AB2033024BCEB5A009171A6 /* LaunchScreen.storyboard */ = {
			isa = PBXVariantGroup;
			children = (
				1AB2033124BCEB5A009171A6 /* Base */,
			);
			name = LaunchScreen.storyboard;
			sourceTree = "<group>";
		};
/* End PBXVariantGroup section */

/* Begin XCBuildConfiguration section */
		1AB2034C24BCEB5A009171A6 /* Debug */ = {
			isa = XCBuildConfiguration;
			buildSettings = {
				ALWAYS_SEARCH_USER_PATHS = NO;
				CLANG_ANALYZER_NONNULL = YES;
				CLANG_ANALYZER_NUMBER_OBJECT_CONVERSION = YES_AGGRESSIVE;
				CLANG_CXX_LANGUAGE_STANDARD = "gnu++14";
				CLANG_CXX_LIBRARY = "libc++";
				CLANG_ENABLE_MODULES = YES;
				CLANG_ENABLE_OBJC_ARC = YES;
				CLANG_ENABLE_OBJC_WEAK = YES;
				CLANG_WARN_BLOCK_CAPTURE_AUTORELEASING = YES;
				CLANG_WARN_BOOL_CONVERSION = YES;
				CLANG_WARN_COMMA = YES;
				CLANG_WARN_CONSTANT_CONVERSION = YES;
				CLANG_WARN_DEPRECATED_OBJC_IMPLEMENTATIONS = YES;
				CLANG_WARN_DIRECT_OBJC_ISA_USAGE = YES_ERROR;
				CLANG_WARN_DOCUMENTATION_COMMENTS = YES;
				CLANG_WARN_EMPTY_BODY = YES;
				CLANG_WARN_ENUM_CONVERSION = YES;
				CLANG_WARN_INFINITE_RECURSION = YES;
				CLANG_WARN_INT_CONVERSION = YES;
				CLANG_WARN_NON_LITERAL_NULL_CONVERSION = YES;
				CLANG_WARN_OBJC_IMPLICIT_RETAIN_SELF = YES;
				CLANG_WARN_OBJC_LITERAL_CONVERSION = YES;
				CLANG_WARN_OBJC_ROOT_CLASS = YES_ERROR;
				CLANG_WARN_RANGE_LOOP_ANALYSIS = YES;
				CLANG_WARN_STRICT_PROTOTYPES = YES;
				CLANG_WARN_SUSPICIOUS_MOVE = YES;
				CLANG_WARN_UNGUARDED_AVAILABILITY = YES_AGGRESSIVE;
				CLANG_WARN_UNREACHABLE_CODE = YES;
				CLANG_WARN__DUPLICATE_METHOD_MATCH = YES;
				COPY_PHASE_STRIP = NO;
				DEBUG_INFORMATION_FORMAT = dwarf;
				ENABLE_STRICT_OBJC_MSGSEND = YES;
				ENABLE_TESTABILITY = YES;
				GCC_C_LANGUAGE_STANDARD = gnu11;
				GCC_DYNAMIC_NO_PIC = NO;
				GCC_NO_COMMON_BLOCKS = YES;
				GCC_OPTIMIZATION_LEVEL = 0;
				GCC_PREPROCESSOR_DEFINITIONS = (
					"DEBUG=1",
					"$(inherited)",
				);
				GCC_WARN_64_TO_32_BIT_CONVERSION = YES;
				GCC_WARN_ABOUT_RETURN_TYPE = YES_ERROR;
				GCC_WARN_UNDECLARED_SELECTOR = YES;
				GCC_WARN_UNINITIALIZED_AUTOS = YES_AGGRESSIVE;
				GCC_WARN_UNUSED_FUNCTION = YES;
				GCC_WARN_UNUSED_VARIABLE = YES;
				IPHONEOS_DEPLOYMENT_TARGET = 13.5;
				MTL_ENABLE_DEBUG_INFO = INCLUDE_SOURCE;
				MTL_FAST_MATH = YES;
				ONLY_ACTIVE_ARCH = YES;
				SDKROOT = iphoneos;
			};
			name = Debug;
		};
		1AB2034D24BCEB5A009171A6 /* Release */ = {
			isa = XCBuildConfiguration;
			buildSettings = {
				ALWAYS_SEARCH_USER_PATHS = NO;
				CLANG_ANALYZER_NONNULL = YES;
				CLANG_ANALYZER_NUMBER_OBJECT_CONVERSION = YES_AGGRESSIVE;
				CLANG_CXX_LANGUAGE_STANDARD = "gnu++14";
				CLANG_CXX_LIBRARY = "libc++";
				CLANG_ENABLE_MODULES = YES;
				CLANG_ENABLE_OBJC_ARC = YES;
				CLANG_ENABLE_OBJC_WEAK = YES;
				CLANG_WARN_BLOCK_CAPTURE_AUTORELEASING = YES;
				CLANG_WARN_BOOL_CONVERSION = YES;
				CLANG_WARN_COMMA = YES;
				CLANG_WARN_CONSTANT_CONVERSION = YES;
				CLANG_WARN_DEPRECATED_OBJC_IMPLEMENTATIONS = YES;
				CLANG_WARN_DIRECT_OBJC_ISA_USAGE = YES_ERROR;
				CLANG_WARN_DOCUMENTATION_COMMENTS = YES;
				CLANG_WARN_EMPTY_BODY = YES;
				CLANG_WARN_ENUM_CONVERSION = YES;
				CLANG_WARN_INFINITE_RECURSION = YES;
				CLANG_WARN_INT_CONVERSION = YES;
				CLANG_WARN_NON_LITERAL_NULL_CONVERSION = YES;
				CLANG_WARN_OBJC_IMPLICIT_RETAIN_SELF = YES;
				CLANG_WARN_OBJC_LITERAL_CONVERSION = YES;
				CLANG_WARN_OBJC_ROOT_CLASS = YES_ERROR;
				CLANG_WARN_RANGE_LOOP_ANALYSIS = YES;
				CLANG_WARN_STRICT_PROTOTYPES = YES;
				CLANG_WARN_SUSPICIOUS_MOVE = YES;
				CLANG_WARN_UNGUARDED_AVAILABILITY = YES_AGGRESSIVE;
				CLANG_WARN_UNREACHABLE_CODE = YES;
				CLANG_WARN__DUPLICATE_METHOD_MATCH = YES;
				COPY_PHASE_STRIP = NO;
				DEBUG_INFORMATION_FORMAT = "dwarf-with-dsym";
				ENABLE_NS_ASSERTIONS = NO;
				ENABLE_STRICT_OBJC_MSGSEND = YES;
				GCC_C_LANGUAGE_STANDARD = gnu11;
				GCC_NO_COMMON_BLOCKS = YES;
				GCC_WARN_64_TO_32_BIT_CONVERSION = YES;
				GCC_WARN_ABOUT_RETURN_TYPE = YES_ERROR;
				GCC_WARN_UNDECLARED_SELECTOR = YES;
				GCC_WARN_UNINITIALIZED_AUTOS = YES_AGGRESSIVE;
				GCC_WARN_UNUSED_FUNCTION = YES;
				GCC_WARN_UNUSED_VARIABLE = YES;
				IPHONEOS_DEPLOYMENT_TARGET = 13.5;
				MTL_ENABLE_DEBUG_INFO = NO;
				MTL_FAST_MATH = YES;
				SDKROOT = iphoneos;
				VALIDATE_PRODUCT = YES;
			};
			name = Release;
		};
		1AB2034F24BCEB5A009171A6 /* Debug */ = {
			isa = XCBuildConfiguration;
			baseConfigurationReference = 13B51196FE59E93DB6843B92 /* Pods-CalendarFinder.debug.xcconfig */;
			buildSettings = {
				ASSETCATALOG_COMPILER_APPICON_NAME = AppIcon;
				CODE_SIGN_STYLE = Automatic;
				DEVELOPMENT_TEAM = T3W9U3YYY6;
				INFOPLIST_FILE = CalendarFinder/Info.plist;
				LD_RUNPATH_SEARCH_PATHS = (
					"$(inherited)",
					"@executable_path/Frameworks",
				);
				PRODUCT_BUNDLE_IDENTIFIER = com.jkameka.CalendarFinder;
				PRODUCT_NAME = "$(TARGET_NAME)";
				TARGETED_DEVICE_FAMILY = "1,2";
			};
			name = Debug;
		};
		1AB2035024BCEB5A009171A6 /* Release */ = {
			isa = XCBuildConfiguration;
			baseConfigurationReference = FFCA3FB535916682F1DD4A02 /* Pods-CalendarFinder.release.xcconfig */;
			buildSettings = {
				ASSETCATALOG_COMPILER_APPICON_NAME = AppIcon;
				CODE_SIGN_STYLE = Automatic;
				DEVELOPMENT_TEAM = T3W9U3YYY6;
				INFOPLIST_FILE = CalendarFinder/Info.plist;
				LD_RUNPATH_SEARCH_PATHS = (
					"$(inherited)",
					"@executable_path/Frameworks",
				);
				PRODUCT_BUNDLE_IDENTIFIER = com.jkameka.CalendarFinder;
				PRODUCT_NAME = "$(TARGET_NAME)";
				TARGETED_DEVICE_FAMILY = "1,2";
			};
			name = Release;
		};
		1AB2035224BCEB5A009171A6 /* Debug */ = {
			isa = XCBuildConfiguration;
			baseConfigurationReference = EA3B246ED50D884F1CD57D2A /* Pods-CalendarFinderTests.debug.xcconfig */;
			buildSettings = {
				BUNDLE_LOADER = "$(TEST_HOST)";
				CODE_SIGN_STYLE = Automatic;
				INFOPLIST_FILE = CalendarFinderTests/Info.plist;
				IPHONEOS_DEPLOYMENT_TARGET = 13.5;
				LD_RUNPATH_SEARCH_PATHS = (
					"$(inherited)",
					"@executable_path/Frameworks",
					"@loader_path/Frameworks",
				);
				PRODUCT_BUNDLE_IDENTIFIER = com.jkameka.CalendarFinderTests;
				PRODUCT_NAME = "$(TARGET_NAME)";
				TARGETED_DEVICE_FAMILY = "1,2";
				TEST_HOST = "$(BUILT_PRODUCTS_DIR)/CalendarFinder.app/CalendarFinder";
			};
			name = Debug;
		};
		1AB2035324BCEB5A009171A6 /* Release */ = {
			isa = XCBuildConfiguration;
			baseConfigurationReference = 6B4EA9BA0666C70B05DD0DF4 /* Pods-CalendarFinderTests.release.xcconfig */;
			buildSettings = {
				BUNDLE_LOADER = "$(TEST_HOST)";
				CODE_SIGN_STYLE = Automatic;
				INFOPLIST_FILE = CalendarFinderTests/Info.plist;
				IPHONEOS_DEPLOYMENT_TARGET = 13.5;
				LD_RUNPATH_SEARCH_PATHS = (
					"$(inherited)",
					"@executable_path/Frameworks",
					"@loader_path/Frameworks",
				);
				PRODUCT_BUNDLE_IDENTIFIER = com.jkameka.CalendarFinderTests;
				PRODUCT_NAME = "$(TARGET_NAME)";
				TARGETED_DEVICE_FAMILY = "1,2";
				TEST_HOST = "$(BUILT_PRODUCTS_DIR)/CalendarFinder.app/CalendarFinder";
			};
			name = Release;
		};
		1AB2035524BCEB5A009171A6 /* Debug */ = {
			isa = XCBuildConfiguration;
			baseConfigurationReference = 803CAFB521D36B5841A28EC1 /* Pods-CalendarFinder-CalendarFinderUITests.debug.xcconfig */;
			buildSettings = {
				CODE_SIGN_STYLE = Automatic;
				INFOPLIST_FILE = CalendarFinderUITests/Info.plist;
				LD_RUNPATH_SEARCH_PATHS = (
					"$(inherited)",
					"@executable_path/Frameworks",
					"@loader_path/Frameworks",
				);
				PRODUCT_BUNDLE_IDENTIFIER = com.jkameka.CalendarFinderUITests;
				PRODUCT_NAME = "$(TARGET_NAME)";
				TARGETED_DEVICE_FAMILY = "1,2";
				TEST_TARGET_NAME = CalendarFinder;
			};
			name = Debug;
		};
		1AB2035624BCEB5A009171A6 /* Release */ = {
			isa = XCBuildConfiguration;
			baseConfigurationReference = 185FD5FD83DBCF4B9CC7006E /* Pods-CalendarFinder-CalendarFinderUITests.release.xcconfig */;
			buildSettings = {
				CODE_SIGN_STYLE = Automatic;
				INFOPLIST_FILE = CalendarFinderUITests/Info.plist;
				LD_RUNPATH_SEARCH_PATHS = (
					"$(inherited)",
					"@executable_path/Frameworks",
					"@loader_path/Frameworks",
				);
				PRODUCT_BUNDLE_IDENTIFIER = com.jkameka.CalendarFinderUITests;
				PRODUCT_NAME = "$(TARGET_NAME)";
				TARGETED_DEVICE_FAMILY = "1,2";
				TEST_TARGET_NAME = CalendarFinder;
			};
			name = Release;
		};
/* End XCBuildConfiguration section */

/* Begin XCConfigurationList section */
		1AB2031A24BCEB59009171A6 /* Build configuration list for PBXProject "CalendarFinder" */ = {
			isa = XCConfigurationList;
			buildConfigurations = (
				1AB2034C24BCEB5A009171A6 /* Debug */,
				1AB2034D24BCEB5A009171A6 /* Release */,
			);
			defaultConfigurationIsVisible = 0;
			defaultConfigurationName = Release;
		};
		1AB2034E24BCEB5A009171A6 /* Build configuration list for PBXNativeTarget "CalendarFinder" */ = {
			isa = XCConfigurationList;
			buildConfigurations = (
				1AB2034F24BCEB5A009171A6 /* Debug */,
				1AB2035024BCEB5A009171A6 /* Release */,
			);
			defaultConfigurationIsVisible = 0;
			defaultConfigurationName = Release;
		};
		1AB2035124BCEB5A009171A6 /* Build configuration list for PBXNativeTarget "CalendarFinderTests" */ = {
			isa = XCConfigurationList;
			buildConfigurations = (
				1AB2035224BCEB5A009171A6 /* Debug */,
				1AB2035324BCEB5A009171A6 /* Release */,
			);
			defaultConfigurationIsVisible = 0;
			defaultConfigurationName = Release;
		};
		1AB2035424BCEB5A009171A6 /* Build configuration list for PBXNativeTarget "CalendarFinderUITests" */ = {
			isa = XCConfigurationList;
			buildConfigurations = (
				1AB2035524BCEB5A009171A6 /* Debug */,
				1AB2035624BCEB5A009171A6 /* Release */,
			);
			defaultConfigurationIsVisible = 0;
			defaultConfigurationName = Release;
		};
/* End XCConfigurationList section */
	};
	rootObject = 1AB2031724BCEB59009171A6 /* Project object */;
}
